
Microsoft Visual Studio Solution File, Format Version 12.00
# Visual Studio Version 16
VisualStudioVersion = 16.0.30011.22
MinimumVisualStudioVersion = 10.0.40219.1
Project("{FAE04EC0-301F-11D3-BF4B-00C04F79EFBC}") = "ExcelImport", "ExcelImport\ExcelImport.csproj", "{679854FA-72A6-450F-9357-CE95FD4F0095}"
EndProject
Global
	GlobalSection(SolutionConfigurationPlatforms) = preSolution
		Debug|Any CPU = Debug|Any CPU
		Release|Any CPU = Release|Any CPU
	EndGlobalSection
	GlobalSection(ProjectConfigurationPlatforms) = postSolution
		{679854FA-72A6-450F-9357-CE95FD4F0095}.Debug|Any CPU.ActiveCfg = Debug|Any CPU
		{679854FA-72A6-450F-9357-CE95FD4F0095}.Debug|Any CPU.Build.0 = Debug|Any CPU
		{679854FA-72A6-450F-9357-CE95FD4F0095}.Release|Any CPU.ActiveCfg = Release|Any CPU
		{679854FA-72A6-450F-9357-CE95FD4F0095}.Release|Any CPU.Build.0 = Release|Any CPU
	EndGlobalSection
	GlobalSection(SolutionProperties) = preSolution
		HideSolutionNode = FALSE
	EndGlobalSection
	GlobalSection(ExtensibilityGlobals) = postSolution
		SolutionGuid = {046F6D0F-C5AD-4289-8096-4A628D9D10D7}
	EndGlobalSection
EndGlobal
